
Microsoft Visual Studio Solution File, Format Version 12.00
# Visual Studio Version 17
VisualStudioVersion = 17.4.33103.184
MinimumVisualStudioVersion = 10.0.40219.1
Project("{FAE04EC0-301F-11D3-BF4B-00C04F79EFBC}") = "apiweb.eventplus", "apiweb.eventplus.csproj", "{B52F696A-7892-461B-80CD-4F174C7E91EB}"
EndProject
Global
	GlobalSection(SolutionConfigurationPlatforms) = preSolution
		Debug|Any CPU = Debug|Any CPU
		Release|Any CPU = Release|Any CPU
	EndGlobalSection
	GlobalSection(ProjectConfigurationPlatforms) = postSolution
		{B52F696A-7892-461B-80CD-4F174C7E91EB}.Debug|Any CPU.ActiveCfg = Debug|Any CPU
		{B52F696A-7892-461B-80CD-4F174C7E91EB}.Debug|Any CPU.Build.0 = Debug|Any CPU
		{B52F696A-7892-461B-80CD-4F174C7E91EB}.Release|Any CPU.ActiveCfg = Release|Any CPU
		{B52F696A-7892-461B-80CD-4F174C7E91EB}.Release|Any CPU.Build.0 = Release|Any CPU
	EndGlobalSection
	GlobalSection(SolutionProperties) = preSolution
		HideSolutionNode = FALSE
	EndGlobalSection
	GlobalSection(ExtensibilityGlobals) = postSolution
		SolutionGuid = {484ADF40-8E7F-47EF-A93B-FDC23AD6AE71}
	EndGlobalSection
EndGlobal
